
Microsoft Visual Studio Solution File, Format Version 12.00
# Visual Studio Version 16
VisualStudioVersion = 16.0.29102.190
MinimumVisualStudioVersion = 10.0.40219.1
Project("{FAE04EC0-301F-11D3-BF4B-00C04F79EFBC}") = "ArduinoMixer", "ArduinoMixer\ArduinoMixer.csproj", "{63DB7EF4-813C-4873-80EE-0F70D0D39BF6}"
EndProject
Project("{FAE04EC0-301F-11D3-BF4B-00C04F79EFBC}") = "Tester", "Tester\Tester.csproj", "{02099EAD-BB0C-4994-B20E-6A858174A43B}"
EndProject
Project("{2150E333-8FDC-42A3-9474-1A3956D46DE8}") = "Solution Items", "Solution Items", "{E09D895E-BBD3-442F-BB00-A39EDFAAC91C}"
	ProjectSection(SolutionItems) = preProject
		Tester\Arduino_codes\Matrix_v2\Matrix_v2.ino = Tester\Arduino_codes\Matrix_v2\Matrix_v2.ino
	EndProjectSection
EndProject
Global
	GlobalSection(SolutionConfigurationPlatforms) = preSolution
		Debug|Any CPU = Debug|Any CPU
		Debug|x64 = Debug|x64
		Debug|x86 = Debug|x86
		Release|Any CPU = Release|Any CPU
		Release|x64 = Release|x64
		Release|x86 = Release|x86
	EndGlobalSection
	GlobalSection(ProjectConfigurationPlatforms) = postSolution
		{63DB7EF4-813C-4873-80EE-0F70D0D39BF6}.Debug|Any CPU.ActiveCfg = Debug|Any CPU
		{63DB7EF4-813C-4873-80EE-0F70D0D39BF6}.Debug|Any CPU.Build.0 = Debug|Any CPU
		{63DB7EF4-813C-4873-80EE-0F70D0D39BF6}.Debug|x64.ActiveCfg = Debug|Any CPU
		{63DB7EF4-813C-4873-80EE-0F70D0D39BF6}.Debug|x64.Build.0 = Debug|Any CPU
		{63DB7EF4-813C-4873-80EE-0F70D0D39BF6}.Debug|x86.ActiveCfg = Debug|Any CPU
		{63DB7EF4-813C-4873-80EE-0F70D0D39BF6}.Debug|x86.Build.0 = Debug|Any CPU
		{63DB7EF4-813C-4873-80EE-0F70D0D39BF6}.Release|Any CPU.ActiveCfg = Release|Any CPU
		{63DB7EF4-813C-4873-80EE-0F70D0D39BF6}.Release|Any CPU.Build.0 = Release|Any CPU
		{63DB7EF4-813C-4873-80EE-0F70D0D39BF6}.Release|x64.ActiveCfg = Release|Any CPU
		{63DB7EF4-813C-4873-80EE-0F70D0D39BF6}.Release|x64.Build.0 = Release|Any CPU
		{63DB7EF4-813C-4873-80EE-0F70D0D39BF6}.Release|x86.ActiveCfg = Release|Any CPU
		{63DB7EF4-813C-4873-80EE-0F70D0D39BF6}.Release|x86.Build.0 = Release|Any CPU
		{02099EAD-BB0C-4994-B20E-6A858174A43B}.Debug|Any CPU.ActiveCfg = Debug|Any CPU
		{02099EAD-BB0C-4994-B20E-6A858174A43B}.Debug|Any CPU.Build.0 = Debug|Any CPU
		{02099EAD-BB0C-4994-B20E-6A858174A43B}.Debug|x64.ActiveCfg = Debug|x64
		{02099EAD-BB0C-4994-B20E-6A858174A43B}.Debug|x64.Build.0 = Debug|x64
		{02099EAD-BB0C-4994-B20E-6A858174A43B}.Debug|x86.ActiveCfg = Debug|Any CPU
		{02099EAD-BB0C-4994-B20E-6A858174A43B}.Debug|x86.Build.0 = Debug|Any CPU
		{02099EAD-BB0C-4994-B20E-6A858174A43B}.Release|Any CPU.ActiveCfg = Release|Any CPU
		{02099EAD-BB0C-4994-B20E-6A858174A43B}.Release|Any CPU.Build.0 = Release|Any CPU
		{02099EAD-BB0C-4994-B20E-6A858174A43B}.Release|x64.ActiveCfg = Release|x64
		{02099EAD-BB0C-4994-B20E-6A858174A43B}.Release|x64.Build.0 = Release|x64
		{02099EAD-BB0C-4994-B20E-6A858174A43B}.Release|x86.ActiveCfg = Release|Any CPU
		{02099EAD-BB0C-4994-B20E-6A858174A43B}.Release|x86.Build.0 = Release|Any CPU
	EndGlobalSection
	GlobalSection(SolutionProperties) = preSolution
		HideSolutionNode = FALSE
	EndGlobalSection
	GlobalSection(ExtensibilityGlobals) = postSolution
		SolutionGuid = {C038AA48-9793-4AED-9B15-7DE5CF2BDC86}
	EndGlobalSection
EndGlobal
